// !$*UTF8*$!
{
	archiveVersion = 1;
	classes = {
	};
	objectVersion = 56;
	objects = {

/* Begin PBXBuildFile section */
		EE17E77929E4513200F4DA6D /* AppDelegate.swift in Sources */ = {isa = PBXBuildFile; fileRef = EE17E77829E4513200F4DA6D /* AppDelegate.swift */; };
		EE17E77B29E4513200F4DA6D /* SceneDelegate.swift in Sources */ = {isa = PBXBuildFile; fileRef = EE17E77A29E4513200F4DA6D /* SceneDelegate.swift */; };
		EE17E77D29E4513200F4DA6D /* LoginViewController.swift in Sources */ = {isa = PBXBuildFile; fileRef = EE17E77C29E4513200F4DA6D /* LoginViewController.swift */; };
		EE17E78329E4513200F4DA6D /* ToDoApp.xcdatamodeld in Sources */ = {isa = PBXBuildFile; fileRef = EE17E78129E4513200F4DA6D /* ToDoApp.xcdatamodeld */; };
		EE17E78529E4513300F4DA6D /* Assets.xcassets in Resources */ = {isa = PBXBuildFile; fileRef = EE17E78429E4513300F4DA6D /* Assets.xcassets */; };
		EE17E78829E4513300F4DA6D /* LaunchScreen.storyboard in Resources */ = {isa = PBXBuildFile; fileRef = EE17E78629E4513300F4DA6D /* LaunchScreen.storyboard */; };
		EE17E79129E4516000F4DA6D /* SnapKit in Frameworks */ = {isa = PBXBuildFile; productRef = EE17E79029E4516000F4DA6D /* SnapKit */; };
		EE17E79329E578A400F4DA6D /* RegisterViewController.swift in Sources */ = {isa = PBXBuildFile; fileRef = EE17E79229E578A400F4DA6D /* RegisterViewController.swift */; };
		EE17E79629E57C0D00F4DA6D /* MainViewController.swift in Sources */ = {isa = PBXBuildFile; fileRef = EE17E79529E57C0D00F4DA6D /* MainViewController.swift */; };
		EE17E79A29E65FD000F4DA6D /* DataManager.swift in Sources */ = {isa = PBXBuildFile; fileRef = EE17E79929E65FD000F4DA6D /* DataManager.swift */; };
		EE9F67F629E9AC46009DE2DD /* ViewHelper.swift in Sources */ = {isa = PBXBuildFile; fileRef = EE9F67F529E9AC46009DE2DD /* ViewHelper.swift */; };
		EEAF594029F97856002E5E4E /* CustomCell.swift in Sources */ = {isa = PBXBuildFile; fileRef = EEAF593F29F97856002E5E4E /* CustomCell.swift */; };
		EEAF594229F98E69002E5E4E /* AddItemViewController.swift in Sources */ = {isa = PBXBuildFile; fileRef = EEAF594129F98E69002E5E4E /* AddItemViewController.swift */; };
/* End PBXBuildFile section */

/* Begin PBXFileReference section */
		EE17E77529E4513200F4DA6D /* ToDoApp.app */ = {isa = PBXFileReference; explicitFileType = wrapper.application; includeInIndex = 0; path = ToDoApp.app; sourceTree = BUILT_PRODUCTS_DIR; };
		EE17E77829E4513200F4DA6D /* AppDelegate.swift */ = {isa = PBXFileReference; lastKnownFileType = sourcecode.swift; path = AppDelegate.swift; sourceTree = "<group>"; };
		EE17E77A29E4513200F4DA6D /* SceneDelegate.swift */ = {isa = PBXFileReference; lastKnownFileType = sourcecode.swift; path = SceneDelegate.swift; sourceTree = "<group>"; };
		EE17E77C29E4513200F4DA6D /* LoginViewController.swift */ = {isa = PBXFileReference; lastKnownFileType = sourcecode.swift; path = LoginViewController.swift; sourceTree = "<group>"; };
		EE17E78229E4513200F4DA6D /* ToDoApp.xcdatamodel */ = {isa = PBXFileReference; lastKnownFileType = wrapper.xcdatamodel; path = ToDoApp.xcdatamodel; sourceTree = "<group>"; };
		EE17E78429E4513300F4DA6D /* Assets.xcassets */ = {isa = PBXFileReference; lastKnownFileType = folder.assetcatalog; path = Assets.xcassets; sourceTree = "<group>"; };
		EE17E78729E4513300F4DA6D /* Base */ = {isa = PBXFileReference; lastKnownFileType = file.storyboard; name = Base; path = Base.lproj/LaunchScreen.storyboard; sourceTree = "<group>"; };
		EE17E78929E4513300F4DA6D /* Info.plist */ = {isa = PBXFileReference; lastKnownFileType = text.plist.xml; path = Info.plist; sourceTree = "<group>"; };
		EE17E79229E578A400F4DA6D /* RegisterViewController.swift */ = {isa = PBXFileReference; lastKnownFileType = sourcecode.swift; path = RegisterViewController.swift; sourceTree = "<group>"; };
		EE17E79529E57C0D00F4DA6D /* MainViewController.swift */ = {isa = PBXFileReference; lastKnownFileType = sourcecode.swift; path = MainViewController.swift; sourceTree = "<group>"; };
		EE17E79929E65FD000F4DA6D /* DataManager.swift */ = {isa = PBXFileReference; lastKnownFileType = sourcecode.swift; path = DataManager.swift; sourceTree = "<group>"; };
		EE9F67F529E9AC46009DE2DD /* ViewHelper.swift */ = {isa = PBXFileReference; lastKnownFileType = sourcecode.swift; path = ViewHelper.swift; sourceTree = "<group>"; };
		EEAF593F29F97856002E5E4E /* CustomCell.swift */ = {isa = PBXFileReference; lastKnownFileType = sourcecode.swift; path = CustomCell.swift; sourceTree = "<group>"; };
		EEAF594129F98E69002E5E4E /* AddItemViewController.swift */ = {isa = PBXFileReference; lastKnownFileType = sourcecode.swift; path = AddItemViewController.swift; sourceTree = "<group>"; };
/* End PBXFileReference section */

/* Begin PBXFrameworksBuildPhase section */
		EE17E77229E4513200F4DA6D /* Frameworks */ = {
			isa = PBXFrameworksBuildPhase;
			buildActionMask = 2147483647;
			files = (
				EE17E79129E4516000F4DA6D /* SnapKit in Frameworks */,
			);
			runOnlyForDeploymentPostprocessing = 0;
		};
/* End PBXFrameworksBuildPhase section */

/* Begin PBXGroup section */
		EE17E76C29E4513200F4DA6D = {
			isa = PBXGroup;
			children = (
				EE17E77729E4513200F4DA6D /* ToDoApp */,
				EE17E77629E4513200F4DA6D /* Products */,
			);
			sourceTree = "<group>";
		};
		EE17E77629E4513200F4DA6D /* Products */ = {
			isa = PBXGroup;
			children = (
				EE17E77529E4513200F4DA6D /* ToDoApp.app */,
			);
			name = Products;
			sourceTree = "<group>";
		};
		EE17E77729E4513200F4DA6D /* ToDoApp */ = {
			isa = PBXGroup;
			children = (
				EE17E77829E4513200F4DA6D /* AppDelegate.swift */,
				EE17E77A29E4513200F4DA6D /* SceneDelegate.swift */,
				EE17E79829E57ECB00F4DA6D /* Models */,
				EE17E79429E578AB00F4DA6D /* View */,
				EE17E79729E57EB000F4DA6D /* Controllers */,
				EE17E78429E4513300F4DA6D /* Assets.xcassets */,
				EE17E78629E4513300F4DA6D /* LaunchScreen.storyboard */,
				EE17E78929E4513300F4DA6D /* Info.plist */,
				EE17E78129E4513200F4DA6D /* ToDoApp.xcdatamodeld */,
			);
			path = ToDoApp;
			sourceTree = "<group>";
		};
		EE17E79429E578AB00F4DA6D /* View */ = {
			isa = PBXGroup;
			children = (
			);
			path = View;
			sourceTree = "<group>";
		};
		EE17E79729E57EB000F4DA6D /* Controllers */ = {
			isa = PBXGroup;
			children = (
				EE17E77C29E4513200F4DA6D /* LoginViewController.swift */,
				EE17E79229E578A400F4DA6D /* RegisterViewController.swift */,
				EE17E79529E57C0D00F4DA6D /* MainViewController.swift */,
				EEAF593F29F97856002E5E4E /* CustomCell.swift */,
				EEAF594129F98E69002E5E4E /* AddItemViewController.swift */,
				EE9F67F529E9AC46009DE2DD /* ViewHelper.swift */,
			);
			path = Controllers;
			sourceTree = "<group>";
		};
		EE17E79829E57ECB00F4DA6D /* Models */ = {
			isa = PBXGroup;
			children = (
				EE17E79929E65FD000F4DA6D /* DataManager.swift */,
			);
			path = Models;
			sourceTree = "<group>";
		};
/* End PBXGroup section */

/* Begin PBXNativeTarget section */
		EE17E77429E4513200F4DA6D /* ToDoApp */ = {
			isa = PBXNativeTarget;
			buildConfigurationList = EE17E78C29E4513300F4DA6D /* Build configuration list for PBXNativeTarget "ToDoApp" */;
			buildPhases = (
				EE17E77129E4513200F4DA6D /* Sources */,
				EE17E77229E4513200F4DA6D /* Frameworks */,
				EE17E77329E4513200F4DA6D /* Resources */,
			);
			buildRules = (
			);
			dependencies = (
			);
			name = ToDoApp;
			packageProductDependencies = (
				EE17E79029E4516000F4DA6D /* SnapKit */,
			);
			productName = ToDoApp;
			productReference = EE17E77529E4513200F4DA6D /* ToDoApp.app */;
			productType = "com.apple.product-type.application";
		};
/* End PBXNativeTarget section */

/* Begin PBXProject section */
		EE17E76D29E4513200F4DA6D /* Project object */ = {
			isa = PBXProject;
			attributes = {
				BuildIndependentTargetsInParallel = 1;
				LastSwiftUpdateCheck = 1410;
				LastUpgradeCheck = 1410;
				TargetAttributes = {
					EE17E77429E4513200F4DA6D = {
						CreatedOnToolsVersion = 14.1;
					};
				};
			};
			buildConfigurationList = EE17E77029E4513200F4DA6D /* Build configuration list for PBXProject "ToDoApp" */;
			compatibilityVersion = "Xcode 14.0";
			developmentRegion = en;
			hasScannedForEncodings = 0;
			knownRegions = (
				en,
				Base,
			);
			mainGroup = EE17E76C29E4513200F4DA6D;
			packageReferences = (
				EE17E78F29E4516000F4DA6D /* XCRemoteSwiftPackageReference "SnapKit" */,
			);
			productRefGroup = EE17E77629E4513200F4DA6D /* Products */;
			projectDirPath = "";
			projectRoot = "";
			targets = (
				EE17E77429E4513200F4DA6D /* ToDoApp */,
			);
		};
/* End PBXProject section */

/* Begin PBXResourcesBuildPhase section */
		EE17E77329E4513200F4DA6D /* Resources */ = {
			isa = PBXResourcesBuildPhase;
			buildActionMask = 2147483647;
			files = (
				EE17E78829E4513300F4DA6D /* LaunchScreen.storyboard in Resources */,
				EE17E78529E4513300F4DA6D /* Assets.xcassets in Resources */,
			);
			runOnlyForDeploymentPostprocessing = 0;
		};
/* End PBXResourcesBuildPhase section */

/* Begin PBXSourcesBuildPhase section */
		EE17E77129E4513200F4DA6D /* Sources */ = {
			isa = PBXSourcesBuildPhase;
			buildActionMask = 2147483647;
			files = (
				EE17E77D29E4513200F4DA6D /* LoginViewController.swift in Sources */,
				EE17E79329E578A400F4DA6D /* RegisterViewController.swift in Sources */,
				EE17E77929E4513200F4DA6D /* AppDelegate.swift in Sources */,
				EE17E79A29E65FD000F4DA6D /* DataManager.swift in Sources */,
				EEAF594029F97856002E5E4E /* CustomCell.swift in Sources */,
				EEAF594229F98E69002E5E4E /* AddItemViewController.swift in Sources */,
				EE17E79629E57C0D00F4DA6D /* MainViewController.swift in Sources */,
				EE17E77B29E4513200F4DA6D /* SceneDelegate.swift in Sources */,
				EE9F67F629E9AC46009DE2DD /* ViewHelper.swift in Sources */,
				EE17E78329E4513200F4DA6D /* ToDoApp.xcdatamodeld in Sources */,
			);
			runOnlyForDeploymentPostprocessing = 0;
		};
/* End PBXSourcesBuildPhase section */

/* Begin PBXVariantGroup section */
		EE17E78629E4513300F4DA6D /* LaunchScreen.storyboard */ = {
			isa = PBXVariantGroup;
			children = (
				EE17E78729E4513300F4DA6D /* Base */,
			);
			name = LaunchScreen.storyboard;
			sourceTree = "<group>";
		};
/* End PBXVariantGroup section */

/* Begin XCBuildConfiguration section */
		EE17E78A29E4513300F4DA6D /* Debug */ = {
			isa = XCBuildConfiguration;
			buildSettings = {
				ALWAYS_SEARCH_USER_PATHS = NO;
				CLANG_ANALYZER_NONNULL = YES;
				CLANG_ANALYZER_NUMBER_OBJECT_CONVERSION = YES_AGGRESSIVE;
				CLANG_CXX_LANGUAGE_STANDARD = "gnu++20";
				CLANG_ENABLE_MODULES = YES;
				CLANG_ENABLE_OBJC_ARC = YES;
				CLANG_ENABLE_OBJC_WEAK = YES;
				CLANG_WARN_BLOCK_CAPTURE_AUTORELEASING = YES;
				CLANG_WARN_BOOL_CONVERSION = YES;
				CLANG_WARN_COMMA = YES;
				CLANG_WARN_CONSTANT_CONVERSION = YES;
				CLANG_WARN_DEPRECATED_OBJC_IMPLEMENTATIONS = YES;
				CLANG_WARN_DIRECT_OBJC_ISA_USAGE = YES_ERROR;
				CLANG_WARN_DOCUMENTATION_COMMENTS = YES;
				CLANG_WARN_EMPTY_BODY = YES;
				CLANG_WARN_ENUM_CONVERSION = YES;
				CLANG_WARN_INFINITE_RECURSION = YES;
				CLANG_WARN_INT_CONVERSION = YES;
				CLANG_WARN_NON_LITERAL_NULL_CONVERSION = YES;
				CLANG_WARN_OBJC_IMPLICIT_RETAIN_SELF = YES;
				CLANG_WARN_OBJC_LITERAL_CONVERSION = YES;
				CLANG_WARN_OBJC_ROOT_CLASS = YES_ERROR;
				CLANG_WARN_QUOTED_INCLUDE_IN_FRAMEWORK_HEADER = YES;
				CLANG_WARN_RANGE_LOOP_ANALYSIS = YES;
				CLANG_WARN_STRICT_PROTOTYPES = YES;
				CLANG_WARN_SUSPICIOUS_MOVE = YES;
				CLANG_WARN_UNGUARDED_AVAILABILITY = YES_AGGRESSIVE;
				CLANG_WARN_UNREACHABLE_CODE = YES;
				CLANG_WARN__DUPLICATE_METHOD_MATCH = YES;
				COPY_PHASE_STRIP = NO;
				DEBUG_INFORMATION_FORMAT = dwarf;
				ENABLE_STRICT_OBJC_MSGSEND = YES;
				ENABLE_TESTABILITY = YES;
				GCC_C_LANGUAGE_STANDARD = gnu11;
				GCC_DYNAMIC_NO_PIC = NO;
				GCC_NO_COMMON_BLOCKS = YES;
				GCC_OPTIMIZATION_LEVEL = 0;
				GCC_PREPROCESSOR_DEFINITIONS = (
					"DEBUG=1",
					"$(inherited)",
				);
				GCC_WARN_64_TO_32_BIT_CONVERSION = YES;
				GCC_WARN_ABOUT_RETURN_TYPE = YES_ERROR;
				GCC_WARN_UNDECLARED_SELECTOR = YES;
				GCC_WARN_UNINITIALIZED_AUTOS = YES_AGGRESSIVE;
				GCC_WARN_UNUSED_FUNCTION = YES;
				GCC_WARN_UNUSED_VARIABLE = YES;
				IPHONEOS_DEPLOYMENT_TARGET = 16.1;
				MTL_ENABLE_DEBUG_INFO = INCLUDE_SOURCE;
				MTL_FAST_MATH = YES;
				ONLY_ACTIVE_ARCH = YES;
				SDKROOT = iphoneos;
				SWIFT_ACTIVE_COMPILATION_CONDITIONS = DEBUG;
				SWIFT_OPTIMIZATION_LEVEL = "-Onone";
			};
			name = Debug;
		};
		EE17E78B29E4513300F4DA6D /* Release */ = {
			isa = XCBuildConfiguration;
			buildSettings = {
				ALWAYS_SEARCH_USER_PATHS = NO;
				CLANG_ANALYZER_NONNULL = YES;
				CLANG_ANALYZER_NUMBER_OBJECT_CONVERSION = YES_AGGRESSIVE;
				CLANG_CXX_LANGUAGE_STANDARD = "gnu++20";
				CLANG_ENABLE_MODULES = YES;
				CLANG_ENABLE_OBJC_ARC = YES;
				CLANG_ENABLE_OBJC_WEAK = YES;
				CLANG_WARN_BLOCK_CAPTURE_AUTORELEASING = YES;
				CLANG_WARN_BOOL_CONVERSION = YES;
				CLANG_WARN_COMMA = YES;
				CLANG_WARN_CONSTANT_CONVERSION = YES;
				CLANG_WARN_DEPRECATED_OBJC_IMPLEMENTATIONS = YES;
				CLANG_WARN_DIRECT_OBJC_ISA_USAGE = YES_ERROR;
				CLANG_WARN_DOCUMENTATION_COMMENTS = YES;
				CLANG_WARN_EMPTY_BODY = YES;
				CLANG_WARN_ENUM_CONVERSION = YES;
				CLANG_WARN_INFINITE_RECURSION = YES;
				CLANG_WARN_INT_CONVERSION = YES;
				CLANG_WARN_NON_LITERAL_NULL_CONVERSION = YES;
				CLANG_WARN_OBJC_IMPLICIT_RETAIN_SELF = YES;
				CLANG_WARN_OBJC_LITERAL_CONVERSION = YES;
				CLANG_WARN_OBJC_ROOT_CLASS = YES_ERROR;
				CLANG_WARN_QUOTED_INCLUDE_IN_FRAMEWORK_HEADER = YES;
				CLANG_WARN_RANGE_LOOP_ANALYSIS = YES;
				CLANG_WARN_STRICT_PROTOTYPES = YES;
				CLANG_WARN_SUSPICIOUS_MOVE = YES;
				CLANG_WARN_UNGUARDED_AVAILABILITY = YES_AGGRESSIVE;
				CLANG_WARN_UNREACHABLE_CODE = YES;
				CLANG_WARN__DUPLICATE_METHOD_MATCH = YES;
				COPY_PHASE_STRIP = NO;
				DEBUG_INFORMATION_FORMAT = "dwarf-with-dsym";
				ENABLE_NS_ASSERTIONS = NO;
				ENABLE_STRICT_OBJC_MSGSEND = YES;
				GCC_C_LANGUAGE_STANDARD = gnu11;
				GCC_NO_COMMON_BLOCKS = YES;
				GCC_WARN_64_TO_32_BIT_CONVERSION = YES;
				GCC_WARN_ABOUT_RETURN_TYPE = YES_ERROR;
				GCC_WARN_UNDECLARED_SELECTOR = YES;
				GCC_WARN_UNINITIALIZED_AUTOS = YES_AGGRESSIVE;
				GCC_WARN_UNUSED_FUNCTION = YES;
				GCC_WARN_UNUSED_VARIABLE = YES;
				IPHONEOS_DEPLOYMENT_TARGET = 16.1;
				MTL_ENABLE_DEBUG_INFO = NO;
				MTL_FAST_MATH = YES;
				SDKROOT = iphoneos;
				SWIFT_COMPILATION_MODE = wholemodule;
				SWIFT_OPTIMIZATION_LEVEL = "-O";
				VALIDATE_PRODUCT = YES;
			};
			name = Release;
		};
		EE17E78D29E4513300F4DA6D /* Debug */ = {
			isa = XCBuildConfiguration;
			buildSettings = {
				ASSETCATALOG_COMPILER_APPICON_NAME = AppIcon;
				ASSETCATALOG_COMPILER_GLOBAL_ACCENT_COLOR_NAME = AccentColor;
				CODE_SIGN_STYLE = Automatic;
				CURRENT_PROJECT_VERSION = 1;
				GENERATE_INFOPLIST_FILE = YES;
				INFOPLIST_FILE = ToDoApp/Info.plist;
				INFOPLIST_KEY_UIApplicationSupportsIndirectInputEvents = YES;
				INFOPLIST_KEY_UILaunchStoryboardName = LaunchScreen;
				INFOPLIST_KEY_UIMainStoryboardFile = "";
				INFOPLIST_KEY_UISupportedInterfaceOrientations_iPad = "UIInterfaceOrientationPortrait UIInterfaceOrientationPortraitUpsideDown UIInterfaceOrientationLandscapeLeft UIInterfaceOrientationLandscapeRight";
				INFOPLIST_KEY_UISupportedInterfaceOrientations_iPhone = "UIInterfaceOrientationPortrait UIInterfaceOrientationLandscapeLeft UIInterfaceOrientationLandscapeRight";
				LD_RUNPATH_SEARCH_PATHS = (
					"$(inherited)",
					"@executable_path/Frameworks",
				);
				MARKETING_VERSION = 1.0;
				PRODUCT_BUNDLE_IDENTIFIER = com.yongheon.ToDoApp;
				PRODUCT_NAME = "$(TARGET_NAME)";
				SWIFT_EMIT_LOC_STRINGS = YES;
				SWIFT_VERSION = 5.0;
				TARGETED_DEVICE_FAMILY = "1,2";
			};
			name = Debug;
		};
		EE17E78E29E4513300F4DA6D /* Release */ = {
			isa = XCBuildConfiguration;
			buildSettings = {
				ASSETCATALOG_COMPILER_APPICON_NAME = AppIcon;
				ASSETCATALOG_COMPILER_GLOBAL_ACCENT_COLOR_NAME = AccentColor;
				CODE_SIGN_STYLE = Automatic;
				CURRENT_PROJECT_VERSION = 1;
				GENERATE_INFOPLIST_FILE = YES;
				INFOPLIST_FILE = ToDoApp/Info.plist;
				INFOPLIST_KEY_UIApplicationSupportsIndirectInputEvents = YES;
				INFOPLIST_KEY_UILaunchStoryboardName = LaunchScreen;
				INFOPLIST_KEY_UIMainStoryboardFile = "";
				INFOPLIST_KEY_UISupportedInterfaceOrientations_iPad = "UIInterfaceOrientationPortrait UIInterfaceOrientationPortraitUpsideDown UIInterfaceOrientationLandscapeLeft UIInterfaceOrientationLandscapeRight";
				INFOPLIST_KEY_UISupportedInterfaceOrientations_iPhone = "UIInterfaceOrientationPortrait UIInterfaceOrientationLandscapeLeft UIInterfaceOrientationLandscapeRight";
				LD_RUNPATH_SEARCH_PATHS = (
					"$(inherited)",
					"@executable_path/Frameworks",
				);
				MARKETING_VERSION = 1.0;
				PRODUCT_BUNDLE_IDENTIFIER = com.yongheon.ToDoApp;
				PRODUCT_NAME = "$(TARGET_NAME)";
				SWIFT_EMIT_LOC_STRINGS = YES;
				SWIFT_VERSION = 5.0;
				TARGETED_DEVICE_FAMILY = "1,2";
			};
			name = Release;
		};
/* End XCBuildConfiguration section */

/* Begin XCConfigurationList section */
		EE17E77029E4513200F4DA6D /* Build configuration list for PBXProject "ToDoApp" */ = {
			isa = XCConfigurationList;
			buildConfigurations = (
				EE17E78A29E4513300F4DA6D /* Debug */,
				EE17E78B29E4513300F4DA6D /* Release */,
			);
			defaultConfigurationIsVisible = 0;
			defaultConfigurationName = Release;
		};
		EE17E78C29E4513300F4DA6D /* Build configuration list for PBXNativeTarget "ToDoApp" */ = {
			isa = XCConfigurationList;
			buildConfigurations = (
				EE17E78D29E4513300F4DA6D /* Debug */,
				EE17E78E29E4513300F4DA6D /* Release */,
			);
			defaultConfigurationIsVisible = 0;
			defaultConfigurationName = Release;
		};
/* End XCConfigurationList section */

/* Begin XCRemoteSwiftPackageReference section */
		EE17E78F29E4516000F4DA6D /* XCRemoteSwiftPackageReference "SnapKit" */ = {
			isa = XCRemoteSwiftPackageReference;
			repositoryURL = "https://github.com/SnapKit/SnapKit.git";
			requirement = {
				branch = develop;
				kind = branch;
			};
		};
/* End XCRemoteSwiftPackageReference section */

/* Begin XCSwiftPackageProductDependency section */
		EE17E79029E4516000F4DA6D /* SnapKit */ = {
			isa = XCSwiftPackageProductDependency;
			package = EE17E78F29E4516000F4DA6D /* XCRemoteSwiftPackageReference "SnapKit" */;
			productName = SnapKit;
		};
/* End XCSwiftPackageProductDependency section */

/* Begin XCVersionGroup section */
		EE17E78129E4513200F4DA6D /* ToDoApp.xcdatamodeld */ = {
			isa = XCVersionGroup;
			children = (
				EE17E78229E4513200F4DA6D /* ToDoApp.xcdatamodel */,
			);
			currentVersion = EE17E78229E4513200F4DA6D /* ToDoApp.xcdatamodel */;
			path = ToDoApp.xcdatamodeld;
			sourceTree = "<group>";
			versionGroupType = wrapper.xcdatamodel;
		};
/* End XCVersionGroup section */
	};
	rootObject = EE17E76D29E4513200F4DA6D /* Project object */;
}
